
Microsoft Visual Studio Solution File, Format Version 12.00
# Visual Studio Version 16
VisualStudioVersion = 16.0.30503.244
MinimumVisualStudioVersion = 10.0.40219.1
Project("{8BC9CEB8-8B4A-11D0-8D11-00A0C91BC942}") = "Task4", "Task4\Task4.vcxproj", "{382719B5-0FEC-4C09-A34E-B373FA200E22}"
EndProject
Global
	GlobalSection(SolutionConfigurationPlatforms) = preSolution
		Debug|x64 = Debug|x64
		Debug|x86 = Debug|x86
		Release|x64 = Release|x64
		Release|x86 = Release|x86
	EndGlobalSection
	GlobalSection(ProjectConfigurationPlatforms) = postSolution
		{382719B5-0FEC-4C09-A34E-B373FA200E22}.Debug|x64.ActiveCfg = Debug|x64
		{382719B5-0FEC-4C09-A34E-B373FA200E22}.Debug|x64.Build.0 = Debug|x64
		{382719B5-0FEC-4C09-A34E-B373FA200E22}.Debug|x86.ActiveCfg = Debug|Win32
		{382719B5-0FEC-4C09-A34E-B373FA200E22}.Debug|x86.Build.0 = Debug|Win32
		{382719B5-0FEC-4C09-A34E-B373FA200E22}.Release|x64.ActiveCfg = Release|x64
		{382719B5-0FEC-4C09-A34E-B373FA200E22}.Release|x64.Build.0 = Release|x64
		{382719B5-0FEC-4C09-A34E-B373FA200E22}.Release|x86.ActiveCfg = Release|Win32
		{382719B5-0FEC-4C09-A34E-B373FA200E22}.Release|x86.Build.0 = Release|Win32
	EndGlobalSection
	GlobalSection(SolutionProperties) = preSolution
		HideSolutionNode = FALSE
	EndGlobalSection
	GlobalSection(ExtensibilityGlobals) = postSolution
		SolutionGuid = {D4419543-DD0E-49CD-A5AE-B4D8F6B4AF35}
	EndGlobalSection
EndGlobal
